
Microsoft Visual Studio Solution File, Format Version 12.00
# Visual Studio Version 17
VisualStudioVersion = 17.11.35208.52
MinimumVisualStudioVersion = 10.0.40219.1
Project("{FAE04EC0-301F-11D3-BF4B-00C04F79EFBC}") = "QR", "QR\QR.csproj", "{CEFCE319-189C-4BEE-B111-2DDFAC5F9014}"
EndProject
Global
	GlobalSection(SolutionConfigurationPlatforms) = preSolution
		Debug|Any CPU = Debug|Any CPU
		Release|Any CPU = Release|Any CPU
	EndGlobalSection
	GlobalSection(ProjectConfigurationPlatforms) = postSolution
		{CEFCE319-189C-4BEE-B111-2DDFAC5F9014}.Debug|Any CPU.ActiveCfg = Debug|Any CPU
		{CEFCE319-189C-4BEE-B111-2DDFAC5F9014}.Debug|Any CPU.Build.0 = Debug|Any CPU
		{CEFCE319-189C-4BEE-B111-2DDFAC5F9014}.Release|Any CPU.ActiveCfg = Release|Any CPU
		{CEFCE319-189C-4BEE-B111-2DDFAC5F9014}.Release|Any CPU.Build.0 = Release|Any CPU
	EndGlobalSection
	GlobalSection(SolutionProperties) = preSolution
		HideSolutionNode = FALSE
	EndGlobalSection
	GlobalSection(ExtensibilityGlobals) = postSolution
		SolutionGuid = {76940E53-F7A6-4448-9643-EEA15EF72B17}
	EndGlobalSection
EndGlobal
